
Microsoft Visual Studio Solution File, Format Version 12.00
# Visual Studio Version 17
VisualStudioVersion = 17.8.34511.84
MinimumVisualStudioVersion = 10.0.40219.1
Project("{FAE04EC0-301F-11D3-BF4B-00C04F79EFBC}") = "ZodiacSigns", "ZodiacSigns.csproj", "{5151B903-FAEE-427B-AA25-E4E18D131F12}"
EndProject
Global
	GlobalSection(SolutionConfigurationPlatforms) = preSolution
		Debug|Any CPU = Debug|Any CPU
		Release|Any CPU = Release|Any CPU
	EndGlobalSection
	GlobalSection(ProjectConfigurationPlatforms) = postSolution
		{5151B903-FAEE-427B-AA25-E4E18D131F12}.Debug|Any CPU.ActiveCfg = Debug|Any CPU
		{5151B903-FAEE-427B-AA25-E4E18D131F12}.Debug|Any CPU.Build.0 = Debug|Any CPU
		{5151B903-FAEE-427B-AA25-E4E18D131F12}.Release|Any CPU.ActiveCfg = Release|Any CPU
		{5151B903-FAEE-427B-AA25-E4E18D131F12}.Release|Any CPU.Build.0 = Release|Any CPU
	EndGlobalSection
	GlobalSection(SolutionProperties) = preSolution
		HideSolutionNode = FALSE
	EndGlobalSection
	GlobalSection(ExtensibilityGlobals) = postSolution
		SolutionGuid = {A67C703B-7B8C-472C-91E6-9C84DB044AC4}
	EndGlobalSection
EndGlobal
